// !$*UTF8*$!
{
	archiveVersion = 1;
	classes = {
	};
	objectVersion = 51;
	objects = {

/* Begin PBXBuildFile section */
		34DB5297237F0AD0005B7D9F /* AppDelegate.swift in Sources */ = {isa = PBXBuildFile; fileRef = 34DB5296237F0AD0005B7D9F /* AppDelegate.swift */; };
		34DB5299237F0AD0005B7D9F /* SceneDelegate.swift in Sources */ = {isa = PBXBuildFile; fileRef = 34DB5298237F0AD0005B7D9F /* SceneDelegate.swift */; };
		34DB529B237F0AD0005B7D9F /* ContentView.swift in Sources */ = {isa = PBXBuildFile; fileRef = 34DB529A237F0AD0005B7D9F /* ContentView.swift */; };
		34DB529D237F0AD2005B7D9F /* Assets.xcassets in Resources */ = {isa = PBXBuildFile; fileRef = 34DB529C237F0AD2005B7D9F /* Assets.xcassets */; };
		34DB52A0237F0AD2005B7D9F /* Preview Assets.xcassets in Resources */ = {isa = PBXBuildFile; fileRef = 34DB529F237F0AD2005B7D9F /* Preview Assets.xcassets */; };
		34DB52A3237F0AD2005B7D9F /* LaunchScreen.storyboard in Resources */ = {isa = PBXBuildFile; fileRef = 34DB52A1237F0AD2005B7D9F /* LaunchScreen.storyboard */; };
		34DB52AE237F0AD2005B7D9F /* LSVTTests.swift in Sources */ = {isa = PBXBuildFile; fileRef = 34DB52AD237F0AD2005B7D9F /* LSVTTests.swift */; };
		34DB52B9237F0AD2005B7D9F /* LSVTUITests.swift in Sources */ = {isa = PBXBuildFile; fileRef = 34DB52B8237F0AD2005B7D9F /* LSVTUITests.swift */; };
		C94D5E15D08549C785364377 /* Pods_LSVT.framework in Frameworks */ = {isa = PBXBuildFile; fileRef = 328E36B72FE4747DEFB9EA0A /* Pods_LSVT.framework */; };
/* End PBXBuildFile section */

/* Begin PBXContainerItemProxy section */
		34DB52AA237F0AD2005B7D9F /* PBXContainerItemProxy */ = {
			isa = PBXContainerItemProxy;
			containerPortal = 34DB528B237F0AD0005B7D9F /* Project object */;
			proxyType = 1;
			remoteGlobalIDString = 34DB5292237F0AD0005B7D9F;
			remoteInfo = LSVT;
		};
		34DB52B5237F0AD2005B7D9F /* PBXContainerItemProxy */ = {
			isa = PBXContainerItemProxy;
			containerPortal = 34DB528B237F0AD0005B7D9F /* Project object */;
			proxyType = 1;
			remoteGlobalIDString = 34DB5292237F0AD0005B7D9F;
			remoteInfo = LSVT;
		};
/* End PBXContainerItemProxy section */

/* Begin PBXFileReference section */
		305D2ED5C69098BCEE2A500D /* Pods-LSVT.debug.xcconfig */ = {isa = PBXFileReference; includeInIndex = 1; lastKnownFileType = text.xcconfig; name = "Pods-LSVT.debug.xcconfig"; path = "Target Support Files/Pods-LSVT/Pods-LSVT.debug.xcconfig"; sourceTree = "<group>"; };
		328E36B72FE4747DEFB9EA0A /* Pods_LSVT.framework */ = {isa = PBXFileReference; explicitFileType = wrapper.framework; includeInIndex = 0; path = Pods_LSVT.framework; sourceTree = BUILT_PRODUCTS_DIR; };
		34DB5293237F0AD0005B7D9F /* LSVT.app */ = {isa = PBXFileReference; explicitFileType = wrapper.application; includeInIndex = 0; path = LSVT.app; sourceTree = BUILT_PRODUCTS_DIR; };
		34DB5296237F0AD0005B7D9F /* AppDelegate.swift */ = {isa = PBXFileReference; lastKnownFileType = sourcecode.swift; path = AppDelegate.swift; sourceTree = "<group>"; };
		34DB5298237F0AD0005B7D9F /* SceneDelegate.swift */ = {isa = PBXFileReference; lastKnownFileType = sourcecode.swift; path = SceneDelegate.swift; sourceTree = "<group>"; };
		34DB529A237F0AD0005B7D9F /* ContentView.swift */ = {isa = PBXFileReference; lastKnownFileType = sourcecode.swift; path = ContentView.swift; sourceTree = "<group>"; };
		34DB529C237F0AD2005B7D9F /* Assets.xcassets */ = {isa = PBXFileReference; lastKnownFileType = folder.assetcatalog; path = Assets.xcassets; sourceTree = "<group>"; };
		34DB529F237F0AD2005B7D9F /* Preview Assets.xcassets */ = {isa = PBXFileReference; lastKnownFileType = folder.assetcatalog; path = "Preview Assets.xcassets"; sourceTree = "<group>"; };
		34DB52A2237F0AD2005B7D9F /* Base */ = {isa = PBXFileReference; lastKnownFileType = file.storyboard; name = Base; path = Base.lproj/LaunchScreen.storyboard; sourceTree = "<group>"; };
		34DB52A4237F0AD2005B7D9F /* Info.plist */ = {isa = PBXFileReference; lastKnownFileType = text.plist.xml; path = Info.plist; sourceTree = "<group>"; };
		34DB52A9237F0AD2005B7D9F /* LSVTTests.xctest */ = {isa = PBXFileReference; explicitFileType = wrapper.cfbundle; includeInIndex = 0; path = LSVTTests.xctest; sourceTree = BUILT_PRODUCTS_DIR; };
		34DB52AD237F0AD2005B7D9F /* LSVTTests.swift */ = {isa = PBXFileReference; lastKnownFileType = sourcecode.swift; path = LSVTTests.swift; sourceTree = "<group>"; };
		34DB52AF237F0AD2005B7D9F /* Info.plist */ = {isa = PBXFileReference; lastKnownFileType = text.plist.xml; path = Info.plist; sourceTree = "<group>"; };
		34DB52B4237F0AD2005B7D9F /* LSVTUITests.xctest */ = {isa = PBXFileReference; explicitFileType = wrapper.cfbundle; includeInIndex = 0; path = LSVTUITests.xctest; sourceTree = BUILT_PRODUCTS_DIR; };
		34DB52B8237F0AD2005B7D9F /* LSVTUITests.swift */ = {isa = PBXFileReference; lastKnownFileType = sourcecode.swift; path = LSVTUITests.swift; sourceTree = "<group>"; };
		34DB52BA237F0AD2005B7D9F /* Info.plist */ = {isa = PBXFileReference; lastKnownFileType = text.plist.xml; path = Info.plist; sourceTree = "<group>"; };
		4006F7446122351768FBCB65 /* Pods-LSVT.release.xcconfig */ = {isa = PBXFileReference; includeInIndex = 1; lastKnownFileType = text.xcconfig; name = "Pods-LSVT.release.xcconfig"; path = "Target Support Files/Pods-LSVT/Pods-LSVT.release.xcconfig"; sourceTree = "<group>"; };
/* End PBXFileReference section */

/* Begin PBXFrameworksBuildPhase section */
		34DB5290237F0AD0005B7D9F /* Frameworks */ = {
			isa = PBXFrameworksBuildPhase;
			buildActionMask = 2147483647;
			files = (
				C94D5E15D08549C785364377 /* Pods_LSVT.framework in Frameworks */,
			);
			runOnlyForDeploymentPostprocessing = 0;
		};
		34DB52A6237F0AD2005B7D9F /* Frameworks */ = {
			isa = PBXFrameworksBuildPhase;
			buildActionMask = 2147483647;
			files = (
			);
			runOnlyForDeploymentPostprocessing = 0;
		};
		34DB52B1237F0AD2005B7D9F /* Frameworks */ = {
			isa = PBXFrameworksBuildPhase;
			buildActionMask = 2147483647;
			files = (
			);
			runOnlyForDeploymentPostprocessing = 0;
		};
/* End PBXFrameworksBuildPhase section */

/* Begin PBXGroup section */
		34DB528A237F0AD0005B7D9F = {
			isa = PBXGroup;
			children = (
				34DB5295237F0AD0005B7D9F /* LSVT */,
				34DB52AC237F0AD2005B7D9F /* LSVTTests */,
				34DB52B7237F0AD2005B7D9F /* LSVTUITests */,
				34DB5294237F0AD0005B7D9F /* Products */,
				E1F806CE64921774B49835F3 /* Pods */,
				4A23B8AFA3575B075E0EC677 /* Frameworks */,
			);
			sourceTree = "<group>";
		};
		34DB5294237F0AD0005B7D9F /* Products */ = {
			isa = PBXGroup;
			children = (
				34DB5293237F0AD0005B7D9F /* LSVT.app */,
				34DB52A9237F0AD2005B7D9F /* LSVTTests.xctest */,
				34DB52B4237F0AD2005B7D9F /* LSVTUITests.xctest */,
			);
			name = Products;
			sourceTree = "<group>";
		};
		34DB5295237F0AD0005B7D9F /* LSVT */ = {
			isa = PBXGroup;
			children = (
				34DB5296237F0AD0005B7D9F /* AppDelegate.swift */,
				34DB5298237F0AD0005B7D9F /* SceneDelegate.swift */,
				34DB529A237F0AD0005B7D9F /* ContentView.swift */,
				34DB529C237F0AD2005B7D9F /* Assets.xcassets */,
				34DB52A1237F0AD2005B7D9F /* LaunchScreen.storyboard */,
				34DB52A4237F0AD2005B7D9F /* Info.plist */,
				34DB529E237F0AD2005B7D9F /* Preview Content */,
			);
			path = LSVT;
			sourceTree = "<group>";
		};
		34DB529E237F0AD2005B7D9F /* Preview Content */ = {
			isa = PBXGroup;
			children = (
				34DB529F237F0AD2005B7D9F /* Preview Assets.xcassets */,
			);
			path = "Preview Content";
			sourceTree = "<group>";
		};
		34DB52AC237F0AD2005B7D9F /* LSVTTests */ = {
			isa = PBXGroup;
			children = (
				34DB52AD237F0AD2005B7D9F /* LSVTTests.swift */,
				34DB52AF237F0AD2005B7D9F /* Info.plist */,
			);
			path = LSVTTests;
			sourceTree = "<group>";
		};
		34DB52B7237F0AD2005B7D9F /* LSVTUITests */ = {
			isa = PBXGroup;
			children = (
				34DB52B8237F0AD2005B7D9F /* LSVTUITests.swift */,
				34DB52BA237F0AD2005B7D9F /* Info.plist */,
			);
			path = LSVTUITests;
			sourceTree = "<group>";
		};
		4A23B8AFA3575B075E0EC677 /* Frameworks */ = {
			isa = PBXGroup;
			children = (
				328E36B72FE4747DEFB9EA0A /* Pods_LSVT.framework */,
			);
			name = Frameworks;
			sourceTree = "<group>";
		};
		E1F806CE64921774B49835F3 /* Pods */ = {
			isa = PBXGroup;
			children = (
				305D2ED5C69098BCEE2A500D /* Pods-LSVT.debug.xcconfig */,
				4006F7446122351768FBCB65 /* Pods-LSVT.release.xcconfig */,
			);
			path = Pods;
			sourceTree = "<group>";
		};
/* End PBXGroup section */

/* Begin PBXNativeTarget section */
		34DB5292237F0AD0005B7D9F /* LSVT */ = {
			isa = PBXNativeTarget;
			buildConfigurationList = 34DB52BD237F0AD2005B7D9F /* Build configuration list for PBXNativeTarget "LSVT" */;
			buildPhases = (
				C4F409C3DF4D84D93B3F0B6C /* [CP] Check Pods Manifest.lock */,
				34DB528F237F0AD0005B7D9F /* Sources */,
				34DB5290237F0AD0005B7D9F /* Frameworks */,
				34DB5291237F0AD0005B7D9F /* Resources */,
				F1EB9446F51ED3D11C97AC1B /* [CP] Embed Pods Frameworks */,
			);
			buildRules = (
			);
			dependencies = (
			);
			name = LSVT;
			productName = LSVT;
			productReference = 34DB5293237F0AD0005B7D9F /* LSVT.app */;
			productType = "com.apple.product-type.application";
		};
		34DB52A8237F0AD2005B7D9F /* LSVTTests */ = {
			isa = PBXNativeTarget;
			buildConfigurationList = 34DB52C0237F0AD2005B7D9F /* Build configuration list for PBXNativeTarget "LSVTTests" */;
			buildPhases = (
				34DB52A5237F0AD2005B7D9F /* Sources */,
				34DB52A6237F0AD2005B7D9F /* Frameworks */,
				34DB52A7237F0AD2005B7D9F /* Resources */,
			);
			buildRules = (
			);
			dependencies = (
				34DB52AB237F0AD2005B7D9F /* PBXTargetDependency */,
			);
			name = LSVTTests;
			productName = LSVTTests;
			productReference = 34DB52A9237F0AD2005B7D9F /* LSVTTests.xctest */;
			productType = "com.apple.product-type.bundle.unit-test";
		};
		34DB52B3237F0AD2005B7D9F /* LSVTUITests */ = {
			isa = PBXNativeTarget;
			buildConfigurationList = 34DB52C3237F0AD2005B7D9F /* Build configuration list for PBXNativeTarget "LSVTUITests" */;
			buildPhases = (
				34DB52B0237F0AD2005B7D9F /* Sources */,
				34DB52B1237F0AD2005B7D9F /* Frameworks */,
				34DB52B2237F0AD2005B7D9F /* Resources */,
			);
			buildRules = (
			);
			dependencies = (
				34DB52B6237F0AD2005B7D9F /* PBXTargetDependency */,
			);
			name = LSVTUITests;
			productName = LSVTUITests;
			productReference = 34DB52B4237F0AD2005B7D9F /* LSVTUITests.xctest */;
			productType = "com.apple.product-type.bundle.ui-testing";
		};
/* End PBXNativeTarget section */

/* Begin PBXProject section */
		34DB528B237F0AD0005B7D9F /* Project object */ = {
			isa = PBXProject;
			attributes = {
				LastSwiftUpdateCheck = 1120;
				LastUpgradeCheck = 1120;
				ORGANIZATIONNAME = "Matthew Meyer";
				TargetAttributes = {
					34DB5292237F0AD0005B7D9F = {
						CreatedOnToolsVersion = 11.2.1;
					};
					34DB52A8237F0AD2005B7D9F = {
						CreatedOnToolsVersion = 11.2.1;
						TestTargetID = 34DB5292237F0AD0005B7D9F;
					};
					34DB52B3237F0AD2005B7D9F = {
						CreatedOnToolsVersion = 11.2.1;
						TestTargetID = 34DB5292237F0AD0005B7D9F;
					};
				};
			};
			buildConfigurationList = 34DB528E237F0AD0005B7D9F /* Build configuration list for PBXProject "LSVT" */;
			compatibilityVersion = "Xcode 9.3";
			developmentRegion = en;
			hasScannedForEncodings = 0;
			knownRegions = (
				en,
				Base,
			);
			mainGroup = 34DB528A237F0AD0005B7D9F;
			productRefGroup = 34DB5294237F0AD0005B7D9F /* Products */;
			projectDirPath = "";
			projectRoot = "";
			targets = (
				34DB5292237F0AD0005B7D9F /* LSVT */,
				34DB52A8237F0AD2005B7D9F /* LSVTTests */,
				34DB52B3237F0AD2005B7D9F /* LSVTUITests */,
			);
		};
/* End PBXProject section */

/* Begin PBXResourcesBuildPhase section */
		34DB5291237F0AD0005B7D9F /* Resources */ = {
			isa = PBXResourcesBuildPhase;
			buildActionMask = 2147483647;
			files = (
				34DB52A3237F0AD2005B7D9F /* LaunchScreen.storyboard in Resources */,
				34DB52A0237F0AD2005B7D9F /* Preview Assets.xcassets in Resources */,
				34DB529D237F0AD2005B7D9F /* Assets.xcassets in Resources */,
			);
			runOnlyForDeploymentPostprocessing = 0;
		};
		34DB52A7237F0AD2005B7D9F /* Resources */ = {
			isa = PBXResourcesBuildPhase;
			buildActionMask = 2147483647;
			files = (
			);
			runOnlyForDeploymentPostprocessing = 0;
		};
		34DB52B2237F0AD2005B7D9F /* Resources */ = {
			isa = PBXResourcesBuildPhase;
			buildActionMask = 2147483647;
			files = (
			);
			runOnlyForDeploymentPostprocessing = 0;
		};
/* End PBXResourcesBuildPhase section */

/* Begin PBXShellScriptBuildPhase section */
		C4F409C3DF4D84D93B3F0B6C /* [CP] Check Pods Manifest.lock */ = {
			isa = PBXShellScriptBuildPhase;
			buildActionMask = 2147483647;
			files = (
			);
			inputFileListPaths = (
			);
			inputPaths = (
				"${PODS_PODFILE_DIR_PATH}/Podfile.lock",
				"${PODS_ROOT}/Manifest.lock",
			);
			name = "[CP] Check Pods Manifest.lock";
			outputFileListPaths = (
			);
			outputPaths = (
				"$(DERIVED_FILE_DIR)/Pods-LSVT-checkManifestLockResult.txt",
			);
			runOnlyForDeploymentPostprocessing = 0;
			shellPath = /bin/sh;
			shellScript = "diff \"${PODS_PODFILE_DIR_PATH}/Podfile.lock\" \"${PODS_ROOT}/Manifest.lock\" > /dev/null\nif [ $? != 0 ] ; then\n    # print error to STDERR\n    echo \"error: The sandbox is not in sync with the Podfile.lock. Run 'pod install' or update your CocoaPods installation.\" >&2\n    exit 1\nfi\n# This output is used by Xcode 'outputs' to avoid re-running this script phase.\necho \"SUCCESS\" > \"${SCRIPT_OUTPUT_FILE_0}\"\n";
			showEnvVarsInLog = 0;
		};
		F1EB9446F51ED3D11C97AC1B /* [CP] Embed Pods Frameworks */ = {
			isa = PBXShellScriptBuildPhase;
			buildActionMask = 2147483647;
			files = (
			);
			inputFileListPaths = (
				"${PODS_ROOT}/Target Support Files/Pods-LSVT/Pods-LSVT-frameworks-${CONFIGURATION}-input-files.xcfilelist",
			);
			name = "[CP] Embed Pods Frameworks";
			outputFileListPaths = (
				"${PODS_ROOT}/Target Support Files/Pods-LSVT/Pods-LSVT-frameworks-${CONFIGURATION}-output-files.xcfilelist",
			);
			runOnlyForDeploymentPostprocessing = 0;
			shellPath = /bin/sh;
			shellScript = "\"${PODS_ROOT}/Target Support Files/Pods-LSVT/Pods-LSVT-frameworks.sh\"\n";
			showEnvVarsInLog = 0;
		};
/* End PBXShellScriptBuildPhase section */

/* Begin PBXSourcesBuildPhase section */
		34DB528F237F0AD0005B7D9F /* Sources */ = {
			isa = PBXSourcesBuildPhase;
			buildActionMask = 2147483647;
			files = (
				34DB5297237F0AD0005B7D9F /* AppDelegate.swift in Sources */,
				34DB5299237F0AD0005B7D9F /* SceneDelegate.swift in Sources */,
				34DB529B237F0AD0005B7D9F /* ContentView.swift in Sources */,
			);
			runOnlyForDeploymentPostprocessing = 0;
		};
		34DB52A5237F0AD2005B7D9F /* Sources */ = {
			isa = PBXSourcesBuildPhase;
			buildActionMask = 2147483647;
			files = (
				34DB52AE237F0AD2005B7D9F /* LSVTTests.swift in Sources */,
			);
			runOnlyForDeploymentPostprocessing = 0;
		};
		34DB52B0237F0AD2005B7D9F /* Sources */ = {
			isa = PBXSourcesBuildPhase;
			buildActionMask = 2147483647;
			files = (
				34DB52B9237F0AD2005B7D9F /* LSVTUITests.swift in Sources */,
			);
			runOnlyForDeploymentPostprocessing = 0;
		};
/* End PBXSourcesBuildPhase section */

/* Begin PBXTargetDependency section */
		34DB52AB237F0AD2005B7D9F /* PBXTargetDependency */ = {
			isa = PBXTargetDependency;
			target = 34DB5292237F0AD0005B7D9F /* LSVT */;
			targetProxy = 34DB52AA237F0AD2005B7D9F /* PBXContainerItemProxy */;
		};
		34DB52B6237F0AD2005B7D9F /* PBXTargetDependency */ = {
			isa = PBXTargetDependency;
			target = 34DB5292237F0AD0005B7D9F /* LSVT */;
			targetProxy = 34DB52B5237F0AD2005B7D9F /* PBXContainerItemProxy */;
		};
/* End PBXTargetDependency section */

/* Begin PBXVariantGroup section */
		34DB52A1237F0AD2005B7D9F /* LaunchScreen.storyboard */ = {
			isa = PBXVariantGroup;
			children = (
				34DB52A2237F0AD2005B7D9F /* Base */,
			);
			name = LaunchScreen.storyboard;
			sourceTree = "<group>";
		};
/* End PBXVariantGroup section */

/* Begin XCBuildConfiguration section */
		34DB52BB237F0AD2005B7D9F /* Debug */ = {
			isa = XCBuildConfiguration;
			buildSettings = {
				ALWAYS_SEARCH_USER_PATHS = NO;
				CLANG_ANALYZER_NONNULL = YES;
				CLANG_ANALYZER_NUMBER_OBJECT_CONVERSION = YES_AGGRESSIVE;
				CLANG_CXX_LANGUAGE_STANDARD = "gnu++14";
				CLANG_CXX_LIBRARY = "libc++";
				CLANG_ENABLE_MODULES = YES;
				CLANG_ENABLE_OBJC_ARC = YES;
				CLANG_ENABLE_OBJC_WEAK = YES;
				CLANG_WARN_BLOCK_CAPTURE_AUTORELEASING = YES;
				CLANG_WARN_BOOL_CONVERSION = YES;
				CLANG_WARN_COMMA = YES;
				CLANG_WARN_CONSTANT_CONVERSION = YES;
				CLANG_WARN_DEPRECATED_OBJC_IMPLEMENTATIONS = YES;
				CLANG_WARN_DIRECT_OBJC_ISA_USAGE = YES_ERROR;
				CLANG_WARN_DOCUMENTATION_COMMENTS = YES;
				CLANG_WARN_EMPTY_BODY = YES;
				CLANG_WARN_ENUM_CONVERSION = YES;
				CLANG_WARN_INFINITE_RECURSION = YES;
				CLANG_WARN_INT_CONVERSION = YES;
				CLANG_WARN_NON_LITERAL_NULL_CONVERSION = YES;
				CLANG_WARN_OBJC_IMPLICIT_RETAIN_SELF = YES;
				CLANG_WARN_OBJC_LITERAL_CONVERSION = YES;
				CLANG_WARN_OBJC_ROOT_CLASS = YES_ERROR;
				CLANG_WARN_RANGE_LOOP_ANALYSIS = YES;
				CLANG_WARN_STRICT_PROTOTYPES = YES;
				CLANG_WARN_SUSPICIOUS_MOVE = YES;
				CLANG_WARN_UNGUARDED_AVAILABILITY = YES_AGGRESSIVE;
				CLANG_WARN_UNREACHABLE_CODE = YES;
				CLANG_WARN__DUPLICATE_METHOD_MATCH = YES;
				COPY_PHASE_STRIP = NO;
				DEBUG_INFORMATION_FORMAT = dwarf;
				ENABLE_STRICT_OBJC_MSGSEND = YES;
				ENABLE_TESTABILITY = YES;
				GCC_C_LANGUAGE_STANDARD = gnu11;
				GCC_DYNAMIC_NO_PIC = NO;
				GCC_NO_COMMON_BLOCKS = YES;
				GCC_OPTIMIZATION_LEVEL = 0;
				GCC_PREPROCESSOR_DEFINITIONS = (
					"DEBUG=1",
					"$(inherited)",
				);
				GCC_WARN_64_TO_32_BIT_CONVERSION = YES;
				GCC_WARN_ABOUT_RETURN_TYPE = YES_ERROR;
				GCC_WARN_UNDECLARED_SELECTOR = YES;
				GCC_WARN_UNINITIALIZED_AUTOS = YES_AGGRESSIVE;
				GCC_WARN_UNUSED_FUNCTION = YES;
				GCC_WARN_UNUSED_VARIABLE = YES;
				IPHONEOS_DEPLOYMENT_TARGET = 13.2;
				MTL_ENABLE_DEBUG_INFO = INCLUDE_SOURCE;
				MTL_FAST_MATH = YES;
				ONLY_ACTIVE_ARCH = YES;
				SDKROOT = iphoneos;
				SWIFT_ACTIVE_COMPILATION_CONDITIONS = DEBUG;
				SWIFT_OPTIMIZATION_LEVEL = "-Onone";
			};
			name = Debug;
		};
		34DB52BC237F0AD2005B7D9F /* Release */ = {
			isa = XCBuildConfiguration;
			buildSettings = {
				ALWAYS_SEARCH_USER_PATHS = NO;
				CLANG_ANALYZER_NONNULL = YES;
				CLANG_ANALYZER_NUMBER_OBJECT_CONVERSION = YES_AGGRESSIVE;
				CLANG_CXX_LANGUAGE_STANDARD = "gnu++14";
				CLANG_CXX_LIBRARY = "libc++";
				CLANG_ENABLE_MODULES = YES;
				CLANG_ENABLE_OBJC_ARC = YES;
				CLANG_ENABLE_OBJC_WEAK = YES;
				CLANG_WARN_BLOCK_CAPTURE_AUTORELEASING = YES;
				CLANG_WARN_BOOL_CONVERSION = YES;
				CLANG_WARN_COMMA = YES;
				CLANG_WARN_CONSTANT_CONVERSION = YES;
				CLANG_WARN_DEPRECATED_OBJC_IMPLEMENTATIONS = YES;
				CLANG_WARN_DIRECT_OBJC_ISA_USAGE = YES_ERROR;
				CLANG_WARN_DOCUMENTATION_COMMENTS = YES;
				CLANG_WARN_EMPTY_BODY = YES;
				CLANG_WARN_ENUM_CONVERSION = YES;
				CLANG_WARN_INFINITE_RECURSION = YES;
				CLANG_WARN_INT_CONVERSION = YES;
				CLANG_WARN_NON_LITERAL_NULL_CONVERSION = YES;
				CLANG_WARN_OBJC_IMPLICIT_RETAIN_SELF = YES;
				CLANG_WARN_OBJC_LITERAL_CONVERSION = YES;
				CLANG_WARN_OBJC_ROOT_CLASS = YES_ERROR;
				CLANG_WARN_RANGE_LOOP_ANALYSIS = YES;
				CLANG_WARN_STRICT_PROTOTYPES = YES;
				CLANG_WARN_SUSPICIOUS_MOVE = YES;
				CLANG_WARN_UNGUARDED_AVAILABILITY = YES_AGGRESSIVE;
				CLANG_WARN_UNREACHABLE_CODE = YES;
				CLANG_WARN__DUPLICATE_METHOD_MATCH = YES;
				COPY_PHASE_STRIP = NO;
				DEBUG_INFORMATION_FORMAT = "dwarf-with-dsym";
				ENABLE_NS_ASSERTIONS = NO;
				ENABLE_STRICT_OBJC_MSGSEND = YES;
				GCC_C_LANGUAGE_STANDARD = gnu11;
				GCC_NO_COMMON_BLOCKS = YES;
				GCC_WARN_64_TO_32_BIT_CONVERSION = YES;
				GCC_WARN_ABOUT_RETURN_TYPE = YES_ERROR;
				GCC_WARN_UNDECLARED_SELECTOR = YES;
				GCC_WARN_UNINITIALIZED_AUTOS = YES_AGGRESSIVE;
				GCC_WARN_UNUSED_FUNCTION = YES;
				GCC_WARN_UNUSED_VARIABLE = YES;
				IPHONEOS_DEPLOYMENT_TARGET = 13.2;
				MTL_ENABLE_DEBUG_INFO = NO;
				MTL_FAST_MATH = YES;
				SDKROOT = iphoneos;
				SWIFT_COMPILATION_MODE = wholemodule;
				SWIFT_OPTIMIZATION_LEVEL = "-O";
				VALIDATE_PRODUCT = YES;
			};
			name = Release;
		};
		34DB52BE237F0AD2005B7D9F /* Debug */ = {
			isa = XCBuildConfiguration;
			baseConfigurationReference = 305D2ED5C69098BCEE2A500D /* Pods-LSVT.debug.xcconfig */;
			buildSettings = {
				ASSETCATALOG_COMPILER_APPICON_NAME = AppIcon;
				CODE_SIGN_STYLE = Automatic;
				DEVELOPMENT_ASSET_PATHS = "\"LSVT/Preview Content\"";
				DEVELOPMENT_TEAM = Z2834368LC;
				ENABLE_PREVIEWS = YES;
				INFOPLIST_FILE = LSVT/Info.plist;
				LD_RUNPATH_SEARCH_PATHS = (
					"$(inherited)",
					"@executable_path/Frameworks",
				);
				PRODUCT_BUNDLE_IDENTIFIER = com.lextalk.LSVT;
				PRODUCT_NAME = "$(TARGET_NAME)";
				SWIFT_VERSION = 5.0;
				TARGETED_DEVICE_FAMILY = "1,2";
			};
			name = Debug;
		};
		34DB52BF237F0AD2005B7D9F /* Release */ = {
			isa = XCBuildConfiguration;
			baseConfigurationReference = 4006F7446122351768FBCB65 /* Pods-LSVT.release.xcconfig */;
			buildSettings = {
				ASSETCATALOG_COMPILER_APPICON_NAME = AppIcon;
				CODE_SIGN_STYLE = Automatic;
				DEVELOPMENT_ASSET_PATHS = "\"LSVT/Preview Content\"";
				DEVELOPMENT_TEAM = Z2834368LC;
				ENABLE_PREVIEWS = YES;
				INFOPLIST_FILE = LSVT/Info.plist;
				LD_RUNPATH_SEARCH_PATHS = (
					"$(inherited)",
					"@executable_path/Frameworks",
				);
				PRODUCT_BUNDLE_IDENTIFIER = com.lextalk.LSVT;
				PRODUCT_NAME = "$(TARGET_NAME)";
				SWIFT_VERSION = 5.0;
				TARGETED_DEVICE_FAMILY = "1,2";
			};
			name = Release;
		};
		34DB52C1237F0AD2005B7D9F /* Debug */ = {
			isa = XCBuildConfiguration;
			buildSettings = {
				ALWAYS_EMBED_SWIFT_STANDARD_LIBRARIES = YES;
				BUNDLE_LOADER = "$(TEST_HOST)";
				CODE_SIGN_STYLE = Automatic;
				INFOPLIST_FILE = LSVTTests/Info.plist;
				IPHONEOS_DEPLOYMENT_TARGET = 13.2;
				LD_RUNPATH_SEARCH_PATHS = (
					"$(inherited)",
					"@executable_path/Frameworks",
					"@loader_path/Frameworks",
				);
				PRODUCT_BUNDLE_IDENTIFIER = com.lextalk.LSVTTests;
				PRODUCT_NAME = "$(TARGET_NAME)";
				SWIFT_VERSION = 5.0;
				TARGETED_DEVICE_FAMILY = "1,2";
				TEST_HOST = "$(BUILT_PRODUCTS_DIR)/LSVT.app/LSVT";
			};
			name = Debug;
		};
		34DB52C2237F0AD2005B7D9F /* Release */ = {
			isa = XCBuildConfiguration;
			buildSettings = {
				ALWAYS_EMBED_SWIFT_STANDARD_LIBRARIES = YES;
				BUNDLE_LOADER = "$(TEST_HOST)";
				CODE_SIGN_STYLE = Automatic;
				INFOPLIST_FILE = LSVTTests/Info.plist;
				IPHONEOS_DEPLOYMENT_TARGET = 13.2;
				LD_RUNPATH_SEARCH_PATHS = (
					"$(inherited)",
					"@executable_path/Frameworks",
					"@loader_path/Frameworks",
				);
				PRODUCT_BUNDLE_IDENTIFIER = com.lextalk.LSVTTests;
				PRODUCT_NAME = "$(TARGET_NAME)";
				SWIFT_VERSION = 5.0;
				TARGETED_DEVICE_FAMILY = "1,2";
				TEST_HOST = "$(BUILT_PRODUCTS_DIR)/LSVT.app/LSVT";
			};
			name = Release;
		};
		34DB52C4237F0AD2005B7D9F /* Debug */ = {
			isa = XCBuildConfiguration;
			buildSettings = {
				ALWAYS_EMBED_SWIFT_STANDARD_LIBRARIES = YES;
				CODE_SIGN_STYLE = Automatic;
				INFOPLIST_FILE = LSVTUITests/Info.plist;
				LD_RUNPATH_SEARCH_PATHS = (
					"$(inherited)",
					"@executable_path/Frameworks",
					"@loader_path/Frameworks",
				);
				PRODUCT_BUNDLE_IDENTIFIER = com.lextalk.LSVTUITests;
				PRODUCT_NAME = "$(TARGET_NAME)";
				SWIFT_VERSION = 5.0;
				TARGETED_DEVICE_FAMILY = "1,2";
				TEST_TARGET_NAME = LSVT;
			};
			name = Debug;
		};
		34DB52C5237F0AD2005B7D9F /* Release */ = {
			isa = XCBuildConfiguration;
			buildSettings = {
				ALWAYS_EMBED_SWIFT_STANDARD_LIBRARIES = YES;
				CODE_SIGN_STYLE = Automatic;
				INFOPLIST_FILE = LSVTUITests/Info.plist;
				LD_RUNPATH_SEARCH_PATHS = (
					"$(inherited)",
					"@executable_path/Frameworks",
					"@loader_path/Frameworks",
				);
				PRODUCT_BUNDLE_IDENTIFIER = com.lextalk.LSVTUITests;
				PRODUCT_NAME = "$(TARGET_NAME)";
				SWIFT_VERSION = 5.0;
				TARGETED_DEVICE_FAMILY = "1,2";
				TEST_TARGET_NAME = LSVT;
			};
			name = Release;
		};
/* End XCBuildConfiguration section */

/* Begin XCConfigurationList section */
		34DB528E237F0AD0005B7D9F /* Build configuration list for PBXProject "LSVT" */ = {
			isa = XCConfigurationList;
			buildConfigurations = (
				34DB52BB237F0AD2005B7D9F /* Debug */,
				34DB52BC237F0AD2005B7D9F /* Release */,
			);
			defaultConfigurationIsVisible = 0;
			defaultConfigurationName = Release;
		};
		34DB52BD237F0AD2005B7D9F /* Build configuration list for PBXNativeTarget "LSVT" */ = {
			isa = XCConfigurationList;
			buildConfigurations = (
				34DB52BE237F0AD2005B7D9F /* Debug */,
				34DB52BF237F0AD2005B7D9F /* Release */,
			);
			defaultConfigurationIsVisible = 0;
			defaultConfigurationName = Release;
		};
		34DB52C0237F0AD2005B7D9F /* Build configuration list for PBXNativeTarget "LSVTTests" */ = {
			isa = XCConfigurationList;
			buildConfigurations = (
				34DB52C1237F0AD2005B7D9F /* Debug */,
				34DB52C2237F0AD2005B7D9F /* Release */,
			);
			defaultConfigurationIsVisible = 0;
			defaultConfigurationName = Release;
		};
		34DB52C3237F0AD2005B7D9F /* Build configuration list for PBXNativeTarget "LSVTUITests" */ = {
			isa = XCConfigurationList;
			buildConfigurations = (
				34DB52C4237F0AD2005B7D9F /* Debug */,
				34DB52C5237F0AD2005B7D9F /* Release */,
			);
			defaultConfigurationIsVisible = 0;
			defaultConfigurationName = Release;
		};
/* End XCConfigurationList section */
	};
	rootObject = 34DB528B237F0AD0005B7D9F /* Project object */;
}
